
Microsoft Visual Studio Solution File, Format Version 12.00
# Visual Studio Version 17
VisualStudioVersion = 17.9.34616.47
MinimumVisualStudioVersion = 10.0.40219.1
Project("{9A19103F-16F7-4668-BE54-9A1E7A4F7556}") = "MultiTenant_ForgotPassword.Module", "MultiTenant_ForgotPassword.Module\MultiTenant_ForgotPassword.Module.csproj", "{80B2A52E-E259-4445-BC34-B3D46F864C27}"
EndProject
Project("{9A19103F-16F7-4668-BE54-9A1E7A4F7556}") = "MultiTenant_ForgotPassword.Blazor.Server", "MultiTenant_ForgotPassword.Blazor.Server\MultiTenant_ForgotPassword.Blazor.Server.csproj", "{37777EB2-5FE0-404F-9C69-E882F1219A8E}"
EndProject
Global
	GlobalSection(SolutionConfigurationPlatforms) = preSolution
		Debug|Any CPU = Debug|Any CPU
		EasyTest|Any CPU = EasyTest|Any CPU
		Release|Any CPU = Release|Any CPU
	EndGlobalSection
	GlobalSection(ProjectConfigurationPlatforms) = postSolution
		{80B2A52E-E259-4445-BC34-B3D46F864C27}.Debug|Any CPU.ActiveCfg = Debug|Any CPU
		{80B2A52E-E259-4445-BC34-B3D46F864C27}.Debug|Any CPU.Build.0 = Debug|Any CPU
		{80B2A52E-E259-4445-BC34-B3D46F864C27}.EasyTest|Any CPU.ActiveCfg = EasyTest|Any CPU
		{80B2A52E-E259-4445-BC34-B3D46F864C27}.EasyTest|Any CPU.Build.0 = EasyTest|Any CPU
		{80B2A52E-E259-4445-BC34-B3D46F864C27}.Release|Any CPU.ActiveCfg = Release|Any CPU
		{80B2A52E-E259-4445-BC34-B3D46F864C27}.Release|Any CPU.Build.0 = Release|Any CPU
		{37777EB2-5FE0-404F-9C69-E882F1219A8E}.Debug|Any CPU.ActiveCfg = Debug|Any CPU
		{37777EB2-5FE0-404F-9C69-E882F1219A8E}.Debug|Any CPU.Build.0 = Debug|Any CPU
		{37777EB2-5FE0-404F-9C69-E882F1219A8E}.EasyTest|Any CPU.ActiveCfg = EasyTest|Any CPU
		{37777EB2-5FE0-404F-9C69-E882F1219A8E}.EasyTest|Any CPU.Build.0 = EasyTest|Any CPU
		{37777EB2-5FE0-404F-9C69-E882F1219A8E}.Release|Any CPU.ActiveCfg = Release|Any CPU
		{37777EB2-5FE0-404F-9C69-E882F1219A8E}.Release|Any CPU.Build.0 = Release|Any CPU
	EndGlobalSection
	GlobalSection(SolutionProperties) = preSolution
		HideSolutionNode = FALSE
	EndGlobalSection
	GlobalSection(ExtensibilityGlobals) = postSolution
		SolutionGuid = {D3499A4F-A869-4B33-8581-D51EF86A975A}
	EndGlobalSection
EndGlobal
